// !$*UTF8*$!
{
	archiveVersion = 1;
	classes = {
	};
	objectVersion = 56;
	objects = {

/* Begin PBXBuildFile section */
		079D61672918A55E00E536B7 /* ExchangeRateData.swift in Sources */ = {isa = PBXBuildFile; fileRef = 079D61662918A55E00E536B7 /* ExchangeRateData.swift */; };
		07CB39262917FAC90010D152 /* AppDelegate.swift in Sources */ = {isa = PBXBuildFile; fileRef = 07CB39252917FAC90010D152 /* AppDelegate.swift */; };
		07CB39282917FAC90010D152 /* SceneDelegate.swift in Sources */ = {isa = PBXBuildFile; fileRef = 07CB39272917FAC90010D152 /* SceneDelegate.swift */; };
		07CB392A2917FAC90010D152 /* ViewController.swift in Sources */ = {isa = PBXBuildFile; fileRef = 07CB39292917FAC90010D152 /* ViewController.swift */; };
		07CB392D2917FAC90010D152 /* Main.storyboard in Resources */ = {isa = PBXBuildFile; fileRef = 07CB392B2917FAC90010D152 /* Main.storyboard */; };
		07CB392F2917FACA0010D152 /* Assets.xcassets in Resources */ = {isa = PBXBuildFile; fileRef = 07CB392E2917FACA0010D152 /* Assets.xcassets */; };
		07CB39322917FACA0010D152 /* LaunchScreen.storyboard in Resources */ = {isa = PBXBuildFile; fileRef = 07CB39302917FACA0010D152 /* LaunchScreen.storyboard */; };
		07CB393B2917FB050010D152 /* ExchangeRateManager.swift in Sources */ = {isa = PBXBuildFile; fileRef = 07CB393A2917FB050010D152 /* ExchangeRateManager.swift */; };
/* End PBXBuildFile section */

/* Begin PBXFileReference section */
		079D61662918A55E00E536B7 /* ExchangeRateData.swift */ = {isa = PBXFileReference; lastKnownFileType = sourcecode.swift; path = ExchangeRateData.swift; sourceTree = "<group>"; };
		07CB39222917FAC90010D152 /* MoneyExchange.app */ = {isa = PBXFileReference; explicitFileType = wrapper.application; includeInIndex = 0; path = MoneyExchange.app; sourceTree = BUILT_PRODUCTS_DIR; };
		07CB39252917FAC90010D152 /* AppDelegate.swift */ = {isa = PBXFileReference; lastKnownFileType = sourcecode.swift; path = AppDelegate.swift; sourceTree = "<group>"; };
		07CB39272917FAC90010D152 /* SceneDelegate.swift */ = {isa = PBXFileReference; lastKnownFileType = sourcecode.swift; path = SceneDelegate.swift; sourceTree = "<group>"; };
		07CB39292917FAC90010D152 /* ViewController.swift */ = {isa = PBXFileReference; lastKnownFileType = sourcecode.swift; path = ViewController.swift; sourceTree = "<group>"; };
		07CB392C2917FAC90010D152 /* Base */ = {isa = PBXFileReference; lastKnownFileType = file.storyboard; name = Base; path = Base.lproj/Main.storyboard; sourceTree = "<group>"; };
		07CB392E2917FACA0010D152 /* Assets.xcassets */ = {isa = PBXFileReference; lastKnownFileType = folder.assetcatalog; path = Assets.xcassets; sourceTree = "<group>"; };
		07CB39312917FACA0010D152 /* Base */ = {isa = PBXFileReference; lastKnownFileType = file.storyboard; name = Base; path = Base.lproj/LaunchScreen.storyboard; sourceTree = "<group>"; };
		07CB39332917FACA0010D152 /* Info.plist */ = {isa = PBXFileReference; lastKnownFileType = text.plist.xml; path = Info.plist; sourceTree = "<group>"; };
		07CB393A2917FB050010D152 /* ExchangeRateManager.swift */ = {isa = PBXFileReference; lastKnownFileType = sourcecode.swift; path = ExchangeRateManager.swift; sourceTree = "<group>"; };
/* End PBXFileReference section */

/* Begin PBXFrameworksBuildPhase section */
		07CB391F2917FAC90010D152 /* Frameworks */ = {
			isa = PBXFrameworksBuildPhase;
			buildActionMask = 2147483647;
			files = (
			);
			runOnlyForDeploymentPostprocessing = 0;
		};
/* End PBXFrameworksBuildPhase section */

/* Begin PBXGroup section */
		07CB39192917FAC90010D152 = {
			isa = PBXGroup;
			children = (
				07CB39242917FAC90010D152 /* MoneyExchange */,
				07CB39232917FAC90010D152 /* Products */,
			);
			sourceTree = "<group>";
		};
		07CB39232917FAC90010D152 /* Products */ = {
			isa = PBXGroup;
			children = (
				07CB39222917FAC90010D152 /* MoneyExchange.app */,
			);
			name = Products;
			sourceTree = "<group>";
		};
		07CB39242917FAC90010D152 /* MoneyExchange */ = {
			isa = PBXGroup;
			children = (
				07CB39252917FAC90010D152 /* AppDelegate.swift */,
				07CB39272917FAC90010D152 /* SceneDelegate.swift */,
				07CB393C2917FB0E0010D152 /* Model */,
				07CB393D2917FB200010D152 /* View */,
				07CB39392917FAD50010D152 /* Controller */,
				07CB392E2917FACA0010D152 /* Assets.xcassets */,
				07CB39332917FACA0010D152 /* Info.plist */,
			);
			path = MoneyExchange;
			sourceTree = "<group>";
		};
		07CB39392917FAD50010D152 /* Controller */ = {
			isa = PBXGroup;
			children = (
				07CB39292917FAC90010D152 /* ViewController.swift */,
			);
			path = Controller;
			sourceTree = "<group>";
		};
		07CB393C2917FB0E0010D152 /* Model */ = {
			isa = PBXGroup;
			children = (
				07CB393A2917FB050010D152 /* ExchangeRateManager.swift */,
				079D61662918A55E00E536B7 /* ExchangeRateData.swift */,
			);
			path = Model;
			sourceTree = "<group>";
		};
		07CB393D2917FB200010D152 /* View */ = {
			isa = PBXGroup;
			children = (
				07CB392B2917FAC90010D152 /* Main.storyboard */,
				07CB39302917FACA0010D152 /* LaunchScreen.storyboard */,
			);
			path = View;
			sourceTree = "<group>";
		};
/* End PBXGroup section */

/* Begin PBXNativeTarget section */
		07CB39212917FAC90010D152 /* MoneyExchange */ = {
			isa = PBXNativeTarget;
			buildConfigurationList = 07CB39362917FACA0010D152 /* Build configuration list for PBXNativeTarget "MoneyExchange" */;
			buildPhases = (
				07CB391E2917FAC90010D152 /* Sources */,
				07CB391F2917FAC90010D152 /* Frameworks */,
				07CB39202917FAC90010D152 /* Resources */,
			);
			buildRules = (
			);
			dependencies = (
			);
			name = MoneyExchange;
			productName = MoneyExchange;
			productReference = 07CB39222917FAC90010D152 /* MoneyExchange.app */;
			productType = "com.apple.product-type.application";
		};
/* End PBXNativeTarget section */

/* Begin PBXProject section */
		07CB391A2917FAC90010D152 /* Project object */ = {
			isa = PBXProject;
			attributes = {
				BuildIndependentTargetsInParallel = 1;
				LastSwiftUpdateCheck = 1400;
				LastUpgradeCheck = 1400;
				TargetAttributes = {
					07CB39212917FAC90010D152 = {
						CreatedOnToolsVersion = 14.0.1;
					};
				};
			};
			buildConfigurationList = 07CB391D2917FAC90010D152 /* Build configuration list for PBXProject "MoneyExchange" */;
			compatibilityVersion = "Xcode 14.0";
			developmentRegion = en;
			hasScannedForEncodings = 0;
			knownRegions = (
				en,
				Base,
			);
			mainGroup = 07CB39192917FAC90010D152;
			productRefGroup = 07CB39232917FAC90010D152 /* Products */;
			projectDirPath = "";
			projectRoot = "";
			targets = (
				07CB39212917FAC90010D152 /* MoneyExchange */,
			);
		};
/* End PBXProject section */

/* Begin PBXResourcesBuildPhase section */
		07CB39202917FAC90010D152 /* Resources */ = {
			isa = PBXResourcesBuildPhase;
			buildActionMask = 2147483647;
			files = (
				07CB39322917FACA0010D152 /* LaunchScreen.storyboard in Resources */,
				07CB392F2917FACA0010D152 /* Assets.xcassets in Resources */,
				07CB392D2917FAC90010D152 /* Main.storyboard in Resources */,
			);
			runOnlyForDeploymentPostprocessing = 0;
		};
/* End PBXResourcesBuildPhase section */

/* Begin PBXSourcesBuildPhase section */
		07CB391E2917FAC90010D152 /* Sources */ = {
			isa = PBXSourcesBuildPhase;
			buildActionMask = 2147483647;
			files = (
				07CB392A2917FAC90010D152 /* ViewController.swift in Sources */,
				07CB39262917FAC90010D152 /* AppDelegate.swift in Sources */,
				07CB393B2917FB050010D152 /* ExchangeRateManager.swift in Sources */,
				07CB39282917FAC90010D152 /* SceneDelegate.swift in Sources */,
				079D61672918A55E00E536B7 /* ExchangeRateData.swift in Sources */,
			);
			runOnlyForDeploymentPostprocessing = 0;
		};
/* End PBXSourcesBuildPhase section */

/* Begin PBXVariantGroup section */
		07CB392B2917FAC90010D152 /* Main.storyboard */ = {
			isa = PBXVariantGroup;
			children = (
				07CB392C2917FAC90010D152 /* Base */,
			);
			name = Main.storyboard;
			sourceTree = "<group>";
		};
		07CB39302917FACA0010D152 /* LaunchScreen.storyboard */ = {
			isa = PBXVariantGroup;
			children = (
				07CB39312917FACA0010D152 /* Base */,
			);
			name = LaunchScreen.storyboard;
			sourceTree = "<group>";
		};
/* End PBXVariantGroup section */

/* Begin XCBuildConfiguration section */
		07CB39342917FACA0010D152 /* Debug */ = {
			isa = XCBuildConfiguration;
			buildSettings = {
				ALWAYS_SEARCH_USER_PATHS = NO;
				CLANG_ANALYZER_NONNULL = YES;
				CLANG_ANALYZER_NUMBER_OBJECT_CONVERSION = YES_AGGRESSIVE;
				CLANG_CXX_LANGUAGE_STANDARD = "gnu++20";
				CLANG_ENABLE_MODULES = YES;
				CLANG_ENABLE_OBJC_ARC = YES;
				CLANG_ENABLE_OBJC_WEAK = YES;
				CLANG_WARN_BLOCK_CAPTURE_AUTORELEASING = YES;
				CLANG_WARN_BOOL_CONVERSION = YES;
				CLANG_WARN_COMMA = YES;
				CLANG_WARN_CONSTANT_CONVERSION = YES;
				CLANG_WARN_DEPRECATED_OBJC_IMPLEMENTATIONS = YES;
				CLANG_WARN_DIRECT_OBJC_ISA_USAGE = YES_ERROR;
				CLANG_WARN_DOCUMENTATION_COMMENTS = YES;
				CLANG_WARN_EMPTY_BODY = YES;
				CLANG_WARN_ENUM_CONVERSION = YES;
				CLANG_WARN_INFINITE_RECURSION = YES;
				CLANG_WARN_INT_CONVERSION = YES;
				CLANG_WARN_NON_LITERAL_NULL_CONVERSION = YES;
				CLANG_WARN_OBJC_IMPLICIT_RETAIN_SELF = YES;
				CLANG_WARN_OBJC_LITERAL_CONVERSION = YES;
				CLANG_WARN_OBJC_ROOT_CLASS = YES_ERROR;
				CLANG_WARN_QUOTED_INCLUDE_IN_FRAMEWORK_HEADER = YES;
				CLANG_WARN_RANGE_LOOP_ANALYSIS = YES;
				CLANG_WARN_STRICT_PROTOTYPES = YES;
				CLANG_WARN_SUSPICIOUS_MOVE = YES;
				CLANG_WARN_UNGUARDED_AVAILABILITY = YES_AGGRESSIVE;
				CLANG_WARN_UNREACHABLE_CODE = YES;
				CLANG_WARN__DUPLICATE_METHOD_MATCH = YES;
				COPY_PHASE_STRIP = NO;
				DEBUG_INFORMATION_FORMAT = dwarf;
				ENABLE_STRICT_OBJC_MSGSEND = YES;
				ENABLE_TESTABILITY = YES;
				GCC_C_LANGUAGE_STANDARD = gnu11;
				GCC_DYNAMIC_NO_PIC = NO;
				GCC_NO_COMMON_BLOCKS = YES;
				GCC_OPTIMIZATION_LEVEL = 0;
				GCC_PREPROCESSOR_DEFINITIONS = (
					"DEBUG=1",
					"$(inherited)",
				);
				GCC_WARN_64_TO_32_BIT_CONVERSION = YES;
				GCC_WARN_ABOUT_RETURN_TYPE = YES_ERROR;
				GCC_WARN_UNDECLARED_SELECTOR = YES;
				GCC_WARN_UNINITIALIZED_AUTOS = YES_AGGRESSIVE;
				GCC_WARN_UNUSED_FUNCTION = YES;
				GCC_WARN_UNUSED_VARIABLE = YES;
				IPHONEOS_DEPLOYMENT_TARGET = 16.0;
				MTL_ENABLE_DEBUG_INFO = INCLUDE_SOURCE;
				MTL_FAST_MATH = YES;
				ONLY_ACTIVE_ARCH = YES;
				SDKROOT = iphoneos;
				SWIFT_ACTIVE_COMPILATION_CONDITIONS = DEBUG;
				SWIFT_OPTIMIZATION_LEVEL = "-Onone";
			};
			name = Debug;
		};
		07CB39352917FACA0010D152 /* Release */ = {
			isa = XCBuildConfiguration;
			buildSettings = {
				ALWAYS_SEARCH_USER_PATHS = NO;
				CLANG_ANALYZER_NONNULL = YES;
				CLANG_ANALYZER_NUMBER_OBJECT_CONVERSION = YES_AGGRESSIVE;
				CLANG_CXX_LANGUAGE_STANDARD = "gnu++20";
				CLANG_ENABLE_MODULES = YES;
				CLANG_ENABLE_OBJC_ARC = YES;
				CLANG_ENABLE_OBJC_WEAK = YES;
				CLANG_WARN_BLOCK_CAPTURE_AUTORELEASING = YES;
				CLANG_WARN_BOOL_CONVERSION = YES;
				CLANG_WARN_COMMA = YES;
				CLANG_WARN_CONSTANT_CONVERSION = YES;
				CLANG_WARN_DEPRECATED_OBJC_IMPLEMENTATIONS = YES;
				CLANG_WARN_DIRECT_OBJC_ISA_USAGE = YES_ERROR;
				CLANG_WARN_DOCUMENTATION_COMMENTS = YES;
				CLANG_WARN_EMPTY_BODY = YES;
				CLANG_WARN_ENUM_CONVERSION = YES;
				CLANG_WARN_INFINITE_RECURSION = YES;
				CLANG_WARN_INT_CONVERSION = YES;
				CLANG_WARN_NON_LITERAL_NULL_CONVERSION = YES;
				CLANG_WARN_OBJC_IMPLICIT_RETAIN_SELF = YES;
				CLANG_WARN_OBJC_LITERAL_CONVERSION = YES;
				CLANG_WARN_OBJC_ROOT_CLASS = YES_ERROR;
				CLANG_WARN_QUOTED_INCLUDE_IN_FRAMEWORK_HEADER = YES;
				CLANG_WARN_RANGE_LOOP_ANALYSIS = YES;
				CLANG_WARN_STRICT_PROTOTYPES = YES;
				CLANG_WARN_SUSPICIOUS_MOVE = YES;
				CLANG_WARN_UNGUARDED_AVAILABILITY = YES_AGGRESSIVE;
				CLANG_WARN_UNREACHABLE_CODE = YES;
				CLANG_WARN__DUPLICATE_METHOD_MATCH = YES;
				COPY_PHASE_STRIP = NO;
				DEBUG_INFORMATION_FORMAT = "dwarf-with-dsym";
				ENABLE_NS_ASSERTIONS = NO;
				ENABLE_STRICT_OBJC_MSGSEND = YES;
				GCC_C_LANGUAGE_STANDARD = gnu11;
				GCC_NO_COMMON_BLOCKS = YES;
				GCC_WARN_64_TO_32_BIT_CONVERSION = YES;
				GCC_WARN_ABOUT_RETURN_TYPE = YES_ERROR;
				GCC_WARN_UNDECLARED_SELECTOR = YES;
				GCC_WARN_UNINITIALIZED_AUTOS = YES_AGGRESSIVE;
				GCC_WARN_UNUSED_FUNCTION = YES;
				GCC_WARN_UNUSED_VARIABLE = YES;
				IPHONEOS_DEPLOYMENT_TARGET = 16.0;
				MTL_ENABLE_DEBUG_INFO = NO;
				MTL_FAST_MATH = YES;
				SDKROOT = iphoneos;
				SWIFT_COMPILATION_MODE = wholemodule;
				SWIFT_OPTIMIZATION_LEVEL = "-O";
				VALIDATE_PRODUCT = YES;
			};
			name = Release;
		};
		07CB39372917FACA0010D152 /* Debug */ = {
			isa = XCBuildConfiguration;
			buildSettings = {
				ASSETCATALOG_COMPILER_APPICON_NAME = AppIcon;
				ASSETCATALOG_COMPILER_GLOBAL_ACCENT_COLOR_NAME = AccentColor;
				CODE_SIGN_STYLE = Automatic;
				CURRENT_PROJECT_VERSION = 1;
				DEVELOPMENT_TEAM = YJF2RZ2K47;
				GENERATE_INFOPLIST_FILE = YES;
				INFOPLIST_FILE = MoneyExchange/Info.plist;
				INFOPLIST_KEY_UIApplicationSupportsIndirectInputEvents = YES;
				INFOPLIST_KEY_UILaunchStoryboardName = LaunchScreen;
				INFOPLIST_KEY_UIMainStoryboardFile = Main;
				INFOPLIST_KEY_UISupportedInterfaceOrientations = UIInterfaceOrientationPortrait;
				LD_RUNPATH_SEARCH_PATHS = (
					"$(inherited)",
					"@executable_path/Frameworks",
				);
				MARKETING_VERSION = 1.0;
				PRODUCT_BUNDLE_IDENTIFIER = com.hyleedevelop.MoneyExchange;
				PRODUCT_NAME = "$(TARGET_NAME)";
				SUPPORTED_PLATFORMS = "iphoneos iphonesimulator";
				SUPPORTS_MACCATALYST = NO;
				SUPPORTS_MAC_DESIGNED_FOR_IPHONE_IPAD = NO;
				SWIFT_EMIT_LOC_STRINGS = YES;
				SWIFT_VERSION = 5.0;
				TARGETED_DEVICE_FAMILY = 1;
			};
			name = Debug;
		};
		07CB39382917FACA0010D152 /* Release */ = {
			isa = XCBuildConfiguration;
			buildSettings = {
				ASSETCATALOG_COMPILER_APPICON_NAME = AppIcon;
				ASSETCATALOG_COMPILER_GLOBAL_ACCENT_COLOR_NAME = AccentColor;
				CODE_SIGN_STYLE = Automatic;
				CURRENT_PROJECT_VERSION = 1;
				DEVELOPMENT_TEAM = YJF2RZ2K47;
				GENERATE_INFOPLIST_FILE = YES;
				INFOPLIST_FILE = MoneyExchange/Info.plist;
				INFOPLIST_KEY_UIApplicationSupportsIndirectInputEvents = YES;
				INFOPLIST_KEY_UILaunchStoryboardName = LaunchScreen;
				INFOPLIST_KEY_UIMainStoryboardFile = Main;
				INFOPLIST_KEY_UISupportedInterfaceOrientations = UIInterfaceOrientationPortrait;
				LD_RUNPATH_SEARCH_PATHS = (
					"$(inherited)",
					"@executable_path/Frameworks",
				);
				MARKETING_VERSION = 1.0;
				PRODUCT_BUNDLE_IDENTIFIER = com.hyleedevelop.MoneyExchange;
				PRODUCT_NAME = "$(TARGET_NAME)";
				SUPPORTED_PLATFORMS = "iphoneos iphonesimulator";
				SUPPORTS_MACCATALYST = NO;
				SUPPORTS_MAC_DESIGNED_FOR_IPHONE_IPAD = NO;
				SWIFT_EMIT_LOC_STRINGS = YES;
				SWIFT_VERSION = 5.0;
				TARGETED_DEVICE_FAMILY = 1;
			};
			name = Release;
		};
/* End XCBuildConfiguration section */

/* Begin XCConfigurationList section */
		07CB391D2917FAC90010D152 /* Build configuration list for PBXProject "MoneyExchange" */ = {
			isa = XCConfigurationList;
			buildConfigurations = (
				07CB39342917FACA0010D152 /* Debug */,
				07CB39352917FACA0010D152 /* Release */,
			);
			defaultConfigurationIsVisible = 0;
			defaultConfigurationName = Release;
		};
		07CB39362917FACA0010D152 /* Build configuration list for PBXNativeTarget "MoneyExchange" */ = {
			isa = XCConfigurationList;
			buildConfigurations = (
				07CB39372917FACA0010D152 /* Debug */,
				07CB39382917FACA0010D152 /* Release */,
			);
			defaultConfigurationIsVisible = 0;
			defaultConfigurationName = Release;
		};
/* End XCConfigurationList section */
	};
	rootObject = 07CB391A2917FAC90010D152 /* Project object */;
}
